
Microsoft Visual Studio Solution File, Format Version 12.00
# Visual Studio Version 17
VisualStudioVersion = 17.11.35327.3
MinimumVisualStudioVersion = 10.0.40219.1
Project("{FAE04EC0-301F-11D3-BF4B-00C04F79EFBC}") = "My mqtt server", "My mqtt server.csproj", "{8BB3138F-6183-4F55-AC2B-E636EC6D6FE0}"
EndProject
Global
	GlobalSection(SolutionConfigurationPlatforms) = preSolution
		Debug|Any CPU = Debug|Any CPU
		Release|Any CPU = Release|Any CPU
	EndGlobalSection
	GlobalSection(ProjectConfigurationPlatforms) = postSolution
		{8BB3138F-6183-4F55-AC2B-E636EC6D6FE0}.Debug|Any CPU.ActiveCfg = Debug|Any CPU
		{8BB3138F-6183-4F55-AC2B-E636EC6D6FE0}.Debug|Any CPU.Build.0 = Debug|Any CPU
		{8BB3138F-6183-4F55-AC2B-E636EC6D6FE0}.Release|Any CPU.ActiveCfg = Release|Any CPU
		{8BB3138F-6183-4F55-AC2B-E636EC6D6FE0}.Release|Any CPU.Build.0 = Release|Any CPU
	EndGlobalSection
	GlobalSection(SolutionProperties) = preSolution
		HideSolutionNode = FALSE
	EndGlobalSection
	GlobalSection(ExtensibilityGlobals) = postSolution
		SolutionGuid = {69EA52F7-5254-43DE-ADE0-E6C244FC413D}
	EndGlobalSection
EndGlobal
